
Microsoft Visual Studio Solution File, Format Version 12.00
# Visual Studio Version 16
VisualStudioVersion = 16.0.31424.327
MinimumVisualStudioVersion = 10.0.40219.1
Project("{F184B08F-C81C-45F6-A57F-5ABD9991F28F}") = "Esercizio_E", "Esercizio_E.vbproj", "{1F4DBC92-4532-4093-B5ED-FE37534D62AE}"
EndProject
Global
	GlobalSection(SolutionConfigurationPlatforms) = preSolution
		Debug|Any CPU = Debug|Any CPU
		Release|Any CPU = Release|Any CPU
	EndGlobalSection
	GlobalSection(ProjectConfigurationPlatforms) = postSolution
		{1F4DBC92-4532-4093-B5ED-FE37534D62AE}.Debug|Any CPU.ActiveCfg = Debug|Any CPU
		{1F4DBC92-4532-4093-B5ED-FE37534D62AE}.Debug|Any CPU.Build.0 = Debug|Any CPU
		{1F4DBC92-4532-4093-B5ED-FE37534D62AE}.Release|Any CPU.ActiveCfg = Release|Any CPU
		{1F4DBC92-4532-4093-B5ED-FE37534D62AE}.Release|Any CPU.Build.0 = Release|Any CPU
	EndGlobalSection
	GlobalSection(SolutionProperties) = preSolution
		HideSolutionNode = FALSE
	EndGlobalSection
	GlobalSection(ExtensibilityGlobals) = postSolution
		SolutionGuid = {43A803DD-D33B-483D-874E-99FDF17D435A}
	EndGlobalSection
EndGlobal
